// !$*UTF8*$!
{
	archiveVersion = 1;
	classes = {
	};
	objectVersion = 56;
	objects = {

/* Begin PBXBuildFile section */
		31A3BE832BFF378D00A7C0D4 /* AppDelegate.swift in Sources */ = {isa = PBXBuildFile; fileRef = 31A3BE822BFF378D00A7C0D4 /* AppDelegate.swift */; };
		31A3BE852BFF378D00A7C0D4 /* SceneDelegate.swift in Sources */ = {isa = PBXBuildFile; fileRef = 31A3BE842BFF378D00A7C0D4 /* SceneDelegate.swift */; };
		31A3BE872BFF378D00A7C0D4 /* LoginViewController.swift in Sources */ = {isa = PBXBuildFile; fileRef = 31A3BE862BFF378D00A7C0D4 /* LoginViewController.swift */; };
		31A3BE8A2BFF378D00A7C0D4 /* Login.storyboard in Resources */ = {isa = PBXBuildFile; fileRef = 31A3BE882BFF378D00A7C0D4 /* Login.storyboard */; };
		31A3BE8C2BFF378E00A7C0D4 /* Assets.xcassets in Resources */ = {isa = PBXBuildFile; fileRef = 31A3BE8B2BFF378E00A7C0D4 /* Assets.xcassets */; };
		31A3BE8F2BFF378E00A7C0D4 /* LaunchScreen.storyboard in Resources */ = {isa = PBXBuildFile; fileRef = 31A3BE8D2BFF378E00A7C0D4 /* LaunchScreen.storyboard */; };
		31A3BE9A2BFF378E00A7C0D4 /* Staff_AppTests.swift in Sources */ = {isa = PBXBuildFile; fileRef = 31A3BE992BFF378E00A7C0D4 /* Staff_AppTests.swift */; };
		31A3BEA42BFF378E00A7C0D4 /* Staff_AppUITests.swift in Sources */ = {isa = PBXBuildFile; fileRef = 31A3BEA32BFF378E00A7C0D4 /* Staff_AppUITests.swift */; };
		31A3BEA62BFF378E00A7C0D4 /* Staff_AppUITestsLaunchTests.swift in Sources */ = {isa = PBXBuildFile; fileRef = 31A3BEA52BFF378E00A7C0D4 /* Staff_AppUITestsLaunchTests.swift */; };
		31A3BEB52BFF686B00A7C0D4 /* LoginViewModel.swift in Sources */ = {isa = PBXBuildFile; fileRef = 31A3BEB42BFF686B00A7C0D4 /* LoginViewModel.swift */; };
		31A3BEB82BFF68F600A7C0D4 /* AdditionaInformationScreen.storyboard in Resources */ = {isa = PBXBuildFile; fileRef = 31A3BEB72BFF68F600A7C0D4 /* AdditionaInformationScreen.storyboard */; };
		31A3BEBA2BFF692000A7C0D4 /* AdditionalInfomationViewController.swift in Sources */ = {isa = PBXBuildFile; fileRef = 31A3BEB92BFF692000A7C0D4 /* AdditionalInfomationViewController.swift */; };
		31A3BEBC2BFF694A00A7C0D4 /* AdditionalInfomationViewModel.swift in Sources */ = {isa = PBXBuildFile; fileRef = 31A3BEBB2BFF694A00A7C0D4 /* AdditionalInfomationViewModel.swift */; };
		31A3BEBF2BFF71A300A7C0D4 /* EmployessListScreen.storyboard in Resources */ = {isa = PBXBuildFile; fileRef = 31A3BEBE2BFF71A300A7C0D4 /* EmployessListScreen.storyboard */; };
		31A3BEC12BFF71B600A7C0D4 /* EmployessListViewController.swift in Sources */ = {isa = PBXBuildFile; fileRef = 31A3BEC02BFF71B600A7C0D4 /* EmployessListViewController.swift */; };
		31A3BEC32BFF71F200A7C0D4 /* EmployessListViewModel.swift in Sources */ = {isa = PBXBuildFile; fileRef = 31A3BEC22BFF71F200A7C0D4 /* EmployessListViewModel.swift */; };
		31A3BEC62BFF726F00A7C0D4 /* EmployeeView.xib in Resources */ = {isa = PBXBuildFile; fileRef = 31A3BEC52BFF726F00A7C0D4 /* EmployeeView.xib */; };
		31A3BEC82BFF72AB00A7C0D4 /* EmployeeView.swift in Sources */ = {isa = PBXBuildFile; fileRef = 31A3BEC72BFF72AB00A7C0D4 /* EmployeeView.swift */; };
		31A3BECB2BFF7C6B00A7C0D4 /* Extensions.swift in Sources */ = {isa = PBXBuildFile; fileRef = 31A3BECA2BFF7C6B00A7C0D4 /* Extensions.swift */; };
/* End PBXBuildFile section */

/* Begin PBXContainerItemProxy section */
		31A3BE962BFF378E00A7C0D4 /* PBXContainerItemProxy */ = {
			isa = PBXContainerItemProxy;
			containerPortal = 31A3BE772BFF378C00A7C0D4 /* Project object */;
			proxyType = 1;
			remoteGlobalIDString = 31A3BE7E2BFF378C00A7C0D4;
			remoteInfo = "Staff App";
		};
		31A3BEA02BFF378E00A7C0D4 /* PBXContainerItemProxy */ = {
			isa = PBXContainerItemProxy;
			containerPortal = 31A3BE772BFF378C00A7C0D4 /* Project object */;
			proxyType = 1;
			remoteGlobalIDString = 31A3BE7E2BFF378C00A7C0D4;
			remoteInfo = "Staff App";
		};
/* End PBXContainerItemProxy section */

/* Begin PBXFileReference section */
		31A3BE7F2BFF378D00A7C0D4 /* Staff App.app */ = {isa = PBXFileReference; explicitFileType = wrapper.application; includeInIndex = 0; path = "Staff App.app"; sourceTree = BUILT_PRODUCTS_DIR; };
		31A3BE822BFF378D00A7C0D4 /* AppDelegate.swift */ = {isa = PBXFileReference; lastKnownFileType = sourcecode.swift; path = AppDelegate.swift; sourceTree = "<group>"; };
		31A3BE842BFF378D00A7C0D4 /* SceneDelegate.swift */ = {isa = PBXFileReference; lastKnownFileType = sourcecode.swift; path = SceneDelegate.swift; sourceTree = "<group>"; };
		31A3BE862BFF378D00A7C0D4 /* LoginViewController.swift */ = {isa = PBXFileReference; lastKnownFileType = sourcecode.swift; path = LoginViewController.swift; sourceTree = "<group>"; };
		31A3BE892BFF378D00A7C0D4 /* Base */ = {isa = PBXFileReference; lastKnownFileType = file.storyboard; name = Base; path = Base.lproj/Login.storyboard; sourceTree = "<group>"; };
		31A3BE8B2BFF378E00A7C0D4 /* Assets.xcassets */ = {isa = PBXFileReference; lastKnownFileType = folder.assetcatalog; path = Assets.xcassets; sourceTree = "<group>"; };
		31A3BE8E2BFF378E00A7C0D4 /* Base */ = {isa = PBXFileReference; lastKnownFileType = file.storyboard; name = Base; path = Base.lproj/LaunchScreen.storyboard; sourceTree = "<group>"; };
		31A3BE902BFF378E00A7C0D4 /* Info.plist */ = {isa = PBXFileReference; lastKnownFileType = text.plist.xml; path = Info.plist; sourceTree = "<group>"; };
		31A3BE952BFF378E00A7C0D4 /* Staff AppTests.xctest */ = {isa = PBXFileReference; explicitFileType = wrapper.cfbundle; includeInIndex = 0; path = "Staff AppTests.xctest"; sourceTree = BUILT_PRODUCTS_DIR; };
		31A3BE992BFF378E00A7C0D4 /* Staff_AppTests.swift */ = {isa = PBXFileReference; lastKnownFileType = sourcecode.swift; path = Staff_AppTests.swift; sourceTree = "<group>"; };
		31A3BE9F2BFF378E00A7C0D4 /* Staff AppUITests.xctest */ = {isa = PBXFileReference; explicitFileType = wrapper.cfbundle; includeInIndex = 0; path = "Staff AppUITests.xctest"; sourceTree = BUILT_PRODUCTS_DIR; };
		31A3BEA32BFF378E00A7C0D4 /* Staff_AppUITests.swift */ = {isa = PBXFileReference; lastKnownFileType = sourcecode.swift; path = Staff_AppUITests.swift; sourceTree = "<group>"; };
		31A3BEA52BFF378E00A7C0D4 /* Staff_AppUITestsLaunchTests.swift */ = {isa = PBXFileReference; lastKnownFileType = sourcecode.swift; path = Staff_AppUITestsLaunchTests.swift; sourceTree = "<group>"; };
		31A3BEB42BFF686B00A7C0D4 /* LoginViewModel.swift */ = {isa = PBXFileReference; lastKnownFileType = sourcecode.swift; path = LoginViewModel.swift; sourceTree = "<group>"; };
		31A3BEB72BFF68F600A7C0D4 /* AdditionaInformationScreen.storyboard */ = {isa = PBXFileReference; lastKnownFileType = file.storyboard; path = AdditionaInformationScreen.storyboard; sourceTree = "<group>"; };
		31A3BEB92BFF692000A7C0D4 /* AdditionalInfomationViewController.swift */ = {isa = PBXFileReference; lastKnownFileType = sourcecode.swift; path = AdditionalInfomationViewController.swift; sourceTree = "<group>"; };
		31A3BEBB2BFF694A00A7C0D4 /* AdditionalInfomationViewModel.swift */ = {isa = PBXFileReference; lastKnownFileType = sourcecode.swift; path = AdditionalInfomationViewModel.swift; sourceTree = "<group>"; };
		31A3BEBE2BFF71A300A7C0D4 /* EmployessListScreen.storyboard */ = {isa = PBXFileReference; lastKnownFileType = file.storyboard; path = EmployessListScreen.storyboard; sourceTree = "<group>"; };
		31A3BEC02BFF71B600A7C0D4 /* EmployessListViewController.swift */ = {isa = PBXFileReference; lastKnownFileType = sourcecode.swift; path = EmployessListViewController.swift; sourceTree = "<group>"; };
		31A3BEC22BFF71F200A7C0D4 /* EmployessListViewModel.swift */ = {isa = PBXFileReference; lastKnownFileType = sourcecode.swift; path = EmployessListViewModel.swift; sourceTree = "<group>"; };
		31A3BEC52BFF726F00A7C0D4 /* EmployeeView.xib */ = {isa = PBXFileReference; lastKnownFileType = file.xib; path = EmployeeView.xib; sourceTree = "<group>"; };
		31A3BEC72BFF72AB00A7C0D4 /* EmployeeView.swift */ = {isa = PBXFileReference; lastKnownFileType = sourcecode.swift; path = EmployeeView.swift; sourceTree = "<group>"; };
		31A3BECA2BFF7C6B00A7C0D4 /* Extensions.swift */ = {isa = PBXFileReference; lastKnownFileType = sourcecode.swift; path = Extensions.swift; sourceTree = "<group>"; };
/* End PBXFileReference section */

/* Begin PBXFrameworksBuildPhase section */
		31A3BE7C2BFF378C00A7C0D4 /* Frameworks */ = {
			isa = PBXFrameworksBuildPhase;
			buildActionMask = 2147483647;
			files = (
			);
			runOnlyForDeploymentPostprocessing = 0;
		};
		31A3BE922BFF378E00A7C0D4 /* Frameworks */ = {
			isa = PBXFrameworksBuildPhase;
			buildActionMask = 2147483647;
			files = (
			);
			runOnlyForDeploymentPostprocessing = 0;
		};
		31A3BE9C2BFF378E00A7C0D4 /* Frameworks */ = {
			isa = PBXFrameworksBuildPhase;
			buildActionMask = 2147483647;
			files = (
			);
			runOnlyForDeploymentPostprocessing = 0;
		};
/* End PBXFrameworksBuildPhase section */

/* Begin PBXGroup section */
		31A3BE762BFF378C00A7C0D4 = {
			isa = PBXGroup;
			children = (
				31A3BE812BFF378D00A7C0D4 /* Staff App */,
				31A3BE982BFF378E00A7C0D4 /* Staff AppTests */,
				31A3BEA22BFF378E00A7C0D4 /* Staff AppUITests */,
				31A3BE802BFF378D00A7C0D4 /* Products */,
			);
			sourceTree = "<group>";
		};
		31A3BE802BFF378D00A7C0D4 /* Products */ = {
			isa = PBXGroup;
			children = (
				31A3BE7F2BFF378D00A7C0D4 /* Staff App.app */,
				31A3BE952BFF378E00A7C0D4 /* Staff AppTests.xctest */,
				31A3BE9F2BFF378E00A7C0D4 /* Staff AppUITests.xctest */,
			);
			name = Products;
			sourceTree = "<group>";
		};
		31A3BE812BFF378D00A7C0D4 /* Staff App */ = {
			isa = PBXGroup;
			children = (
				31A3BEB22BFF3BF700A7C0D4 /* App Delegate */,
				31A3BEB32BFF3EFF00A7C0D4 /* Login screen */,
				31A3BEB62BFF68B100A7C0D4 /* Additional Infromation screen */,
				31A3BEBD2BFF712300A7C0D4 /* Employees list screen */,
				31A3BEC42BFF724800A7C0D4 /* Views */,
				31A3BEC92BFF7C5100A7C0D4 /* Extensions */,
				31A3BE8B2BFF378E00A7C0D4 /* Assets.xcassets */,
				31A3BE8D2BFF378E00A7C0D4 /* LaunchScreen.storyboard */,
				31A3BE902BFF378E00A7C0D4 /* Info.plist */,
			);
			path = "Staff App";
			sourceTree = "<group>";
		};
		31A3BE982BFF378E00A7C0D4 /* Staff AppTests */ = {
			isa = PBXGroup;
			children = (
				31A3BE992BFF378E00A7C0D4 /* Staff_AppTests.swift */,
			);
			path = "Staff AppTests";
			sourceTree = "<group>";
		};
		31A3BEA22BFF378E00A7C0D4 /* Staff AppUITests */ = {
			isa = PBXGroup;
			children = (
				31A3BEA32BFF378E00A7C0D4 /* Staff_AppUITests.swift */,
				31A3BEA52BFF378E00A7C0D4 /* Staff_AppUITestsLaunchTests.swift */,
			);
			path = "Staff AppUITests";
			sourceTree = "<group>";
		};
		31A3BEB22BFF3BF700A7C0D4 /* App Delegate */ = {
			isa = PBXGroup;
			children = (
				31A3BE842BFF378D00A7C0D4 /* SceneDelegate.swift */,
				31A3BE822BFF378D00A7C0D4 /* AppDelegate.swift */,
			);
			path = "App Delegate";
			sourceTree = "<group>";
		};
		31A3BEB32BFF3EFF00A7C0D4 /* Login screen */ = {
			isa = PBXGroup;
			children = (
				31A3BE882BFF378D00A7C0D4 /* Login.storyboard */,
				31A3BE862BFF378D00A7C0D4 /* LoginViewController.swift */,
				31A3BEB42BFF686B00A7C0D4 /* LoginViewModel.swift */,
			);
			path = "Login screen";
			sourceTree = "<group>";
		};
		31A3BEB62BFF68B100A7C0D4 /* Additional Infromation screen */ = {
			isa = PBXGroup;
			children = (
				31A3BEB72BFF68F600A7C0D4 /* AdditionaInformationScreen.storyboard */,
				31A3BEB92BFF692000A7C0D4 /* AdditionalInfomationViewController.swift */,
				31A3BEBB2BFF694A00A7C0D4 /* AdditionalInfomationViewModel.swift */,
			);
			path = "Additional Infromation screen";
			sourceTree = "<group>";
		};
		31A3BEBD2BFF712300A7C0D4 /* Employees list screen */ = {
			isa = PBXGroup;
			children = (
				31A3BEBE2BFF71A300A7C0D4 /* EmployessListScreen.storyboard */,
				31A3BEC02BFF71B600A7C0D4 /* EmployessListViewController.swift */,
				31A3BEC22BFF71F200A7C0D4 /* EmployessListViewModel.swift */,
			);
			path = "Employees list screen";
			sourceTree = "<group>";
		};
		31A3BEC42BFF724800A7C0D4 /* Views */ = {
			isa = PBXGroup;
			children = (
				31A3BEC52BFF726F00A7C0D4 /* EmployeeView.xib */,
				31A3BEC72BFF72AB00A7C0D4 /* EmployeeView.swift */,
			);
			path = Views;
			sourceTree = "<group>";
		};
		31A3BEC92BFF7C5100A7C0D4 /* Extensions */ = {
			isa = PBXGroup;
			children = (
				31A3BECA2BFF7C6B00A7C0D4 /* Extensions.swift */,
			);
			path = Extensions;
			sourceTree = "<group>";
		};
/* End PBXGroup section */

/* Begin PBXNativeTarget section */
		31A3BE7E2BFF378C00A7C0D4 /* Staff App */ = {
			isa = PBXNativeTarget;
			buildConfigurationList = 31A3BEA92BFF378E00A7C0D4 /* Build configuration list for PBXNativeTarget "Staff App" */;
			buildPhases = (
				31A3BE7B2BFF378C00A7C0D4 /* Sources */,
				31A3BE7C2BFF378C00A7C0D4 /* Frameworks */,
				31A3BE7D2BFF378C00A7C0D4 /* Resources */,
			);
			buildRules = (
			);
			dependencies = (
			);
			name = "Staff App";
			productName = "Staff App";
			productReference = 31A3BE7F2BFF378D00A7C0D4 /* Staff App.app */;
			productType = "com.apple.product-type.application";
		};
		31A3BE942BFF378E00A7C0D4 /* Staff AppTests */ = {
			isa = PBXNativeTarget;
			buildConfigurationList = 31A3BEAC2BFF378E00A7C0D4 /* Build configuration list for PBXNativeTarget "Staff AppTests" */;
			buildPhases = (
				31A3BE912BFF378E00A7C0D4 /* Sources */,
				31A3BE922BFF378E00A7C0D4 /* Frameworks */,
				31A3BE932BFF378E00A7C0D4 /* Resources */,
			);
			buildRules = (
			);
			dependencies = (
				31A3BE972BFF378E00A7C0D4 /* PBXTargetDependency */,
			);
			name = "Staff AppTests";
			productName = "Staff AppTests";
			productReference = 31A3BE952BFF378E00A7C0D4 /* Staff AppTests.xctest */;
			productType = "com.apple.product-type.bundle.unit-test";
		};
		31A3BE9E2BFF378E00A7C0D4 /* Staff AppUITests */ = {
			isa = PBXNativeTarget;
			buildConfigurationList = 31A3BEAF2BFF378E00A7C0D4 /* Build configuration list for PBXNativeTarget "Staff AppUITests" */;
			buildPhases = (
				31A3BE9B2BFF378E00A7C0D4 /* Sources */,
				31A3BE9C2BFF378E00A7C0D4 /* Frameworks */,
				31A3BE9D2BFF378E00A7C0D4 /* Resources */,
			);
			buildRules = (
			);
			dependencies = (
				31A3BEA12BFF378E00A7C0D4 /* PBXTargetDependency */,
			);
			name = "Staff AppUITests";
			productName = "Staff AppUITests";
			productReference = 31A3BE9F2BFF378E00A7C0D4 /* Staff AppUITests.xctest */;
			productType = "com.apple.product-type.bundle.ui-testing";
		};
/* End PBXNativeTarget section */

/* Begin PBXProject section */
		31A3BE772BFF378C00A7C0D4 /* Project object */ = {
			isa = PBXProject;
			attributes = {
				BuildIndependentTargetsInParallel = 1;
				LastSwiftUpdateCheck = 1520;
				LastUpgradeCheck = 1520;
				TargetAttributes = {
					31A3BE7E2BFF378C00A7C0D4 = {
						CreatedOnToolsVersion = 15.2;
					};
					31A3BE942BFF378E00A7C0D4 = {
						CreatedOnToolsVersion = 15.2;
						TestTargetID = 31A3BE7E2BFF378C00A7C0D4;
					};
					31A3BE9E2BFF378E00A7C0D4 = {
						CreatedOnToolsVersion = 15.2;
						TestTargetID = 31A3BE7E2BFF378C00A7C0D4;
					};
				};
			};
			buildConfigurationList = 31A3BE7A2BFF378C00A7C0D4 /* Build configuration list for PBXProject "Staff App" */;
			compatibilityVersion = "Xcode 14.0";
			developmentRegion = en;
			hasScannedForEncodings = 0;
			knownRegions = (
				en,
				Base,
			);
			mainGroup = 31A3BE762BFF378C00A7C0D4;
			productRefGroup = 31A3BE802BFF378D00A7C0D4 /* Products */;
			projectDirPath = "";
			projectRoot = "";
			targets = (
				31A3BE7E2BFF378C00A7C0D4 /* Staff App */,
				31A3BE942BFF378E00A7C0D4 /* Staff AppTests */,
				31A3BE9E2BFF378E00A7C0D4 /* Staff AppUITests */,
			);
		};
/* End PBXProject section */

/* Begin PBXResourcesBuildPhase section */
		31A3BE7D2BFF378C00A7C0D4 /* Resources */ = {
			isa = PBXResourcesBuildPhase;
			buildActionMask = 2147483647;
			files = (
				31A3BEC62BFF726F00A7C0D4 /* EmployeeView.xib in Resources */,
				31A3BE8F2BFF378E00A7C0D4 /* LaunchScreen.storyboard in Resources */,
				31A3BEBF2BFF71A300A7C0D4 /* EmployessListScreen.storyboard in Resources */,
				31A3BE8C2BFF378E00A7C0D4 /* Assets.xcassets in Resources */,
				31A3BE8A2BFF378D00A7C0D4 /* Login.storyboard in Resources */,
				31A3BEB82BFF68F600A7C0D4 /* AdditionaInformationScreen.storyboard in Resources */,
			);
			runOnlyForDeploymentPostprocessing = 0;
		};
		31A3BE932BFF378E00A7C0D4 /* Resources */ = {
			isa = PBXResourcesBuildPhase;
			buildActionMask = 2147483647;
			files = (
			);
			runOnlyForDeploymentPostprocessing = 0;
		};
		31A3BE9D2BFF378E00A7C0D4 /* Resources */ = {
			isa = PBXResourcesBuildPhase;
			buildActionMask = 2147483647;
			files = (
			);
			runOnlyForDeploymentPostprocessing = 0;
		};
/* End PBXResourcesBuildPhase section */

/* Begin PBXSourcesBuildPhase section */
		31A3BE7B2BFF378C00A7C0D4 /* Sources */ = {
			isa = PBXSourcesBuildPhase;
			buildActionMask = 2147483647;
			files = (
				31A3BEC32BFF71F200A7C0D4 /* EmployessListViewModel.swift in Sources */,
				31A3BEB52BFF686B00A7C0D4 /* LoginViewModel.swift in Sources */,
				31A3BE872BFF378D00A7C0D4 /* LoginViewController.swift in Sources */,
				31A3BEBA2BFF692000A7C0D4 /* AdditionalInfomationViewController.swift in Sources */,
				31A3BEC82BFF72AB00A7C0D4 /* EmployeeView.swift in Sources */,
				31A3BECB2BFF7C6B00A7C0D4 /* Extensions.swift in Sources */,
				31A3BEBC2BFF694A00A7C0D4 /* AdditionalInfomationViewModel.swift in Sources */,
				31A3BEC12BFF71B600A7C0D4 /* EmployessListViewController.swift in Sources */,
				31A3BE832BFF378D00A7C0D4 /* AppDelegate.swift in Sources */,
				31A3BE852BFF378D00A7C0D4 /* SceneDelegate.swift in Sources */,
			);
			runOnlyForDeploymentPostprocessing = 0;
		};
		31A3BE912BFF378E00A7C0D4 /* Sources */ = {
			isa = PBXSourcesBuildPhase;
			buildActionMask = 2147483647;
			files = (
				31A3BE9A2BFF378E00A7C0D4 /* Staff_AppTests.swift in Sources */,
			);
			runOnlyForDeploymentPostprocessing = 0;
		};
		31A3BE9B2BFF378E00A7C0D4 /* Sources */ = {
			isa = PBXSourcesBuildPhase;
			buildActionMask = 2147483647;
			files = (
				31A3BEA42BFF378E00A7C0D4 /* Staff_AppUITests.swift in Sources */,
				31A3BEA62BFF378E00A7C0D4 /* Staff_AppUITestsLaunchTests.swift in Sources */,
			);
			runOnlyForDeploymentPostprocessing = 0;
		};
/* End PBXSourcesBuildPhase section */

/* Begin PBXTargetDependency section */
		31A3BE972BFF378E00A7C0D4 /* PBXTargetDependency */ = {
			isa = PBXTargetDependency;
			target = 31A3BE7E2BFF378C00A7C0D4 /* Staff App */;
			targetProxy = 31A3BE962BFF378E00A7C0D4 /* PBXContainerItemProxy */;
		};
		31A3BEA12BFF378E00A7C0D4 /* PBXTargetDependency */ = {
			isa = PBXTargetDependency;
			target = 31A3BE7E2BFF378C00A7C0D4 /* Staff App */;
			targetProxy = 31A3BEA02BFF378E00A7C0D4 /* PBXContainerItemProxy */;
		};
/* End PBXTargetDependency section */

/* Begin PBXVariantGroup section */
		31A3BE882BFF378D00A7C0D4 /* Login.storyboard */ = {
			isa = PBXVariantGroup;
			children = (
				31A3BE892BFF378D00A7C0D4 /* Base */,
			);
			name = Login.storyboard;
			sourceTree = "<group>";
		};
		31A3BE8D2BFF378E00A7C0D4 /* LaunchScreen.storyboard */ = {
			isa = PBXVariantGroup;
			children = (
				31A3BE8E2BFF378E00A7C0D4 /* Base */,
			);
			name = LaunchScreen.storyboard;
			sourceTree = "<group>";
		};
/* End PBXVariantGroup section */

/* Begin XCBuildConfiguration section */
		31A3BEA72BFF378E00A7C0D4 /* Debug */ = {
			isa = XCBuildConfiguration;
			buildSettings = {
				ALWAYS_SEARCH_USER_PATHS = NO;
				ASSETCATALOG_COMPILER_GENERATE_SWIFT_ASSET_SYMBOL_EXTENSIONS = YES;
				CLANG_ANALYZER_NONNULL = YES;
				CLANG_ANALYZER_NUMBER_OBJECT_CONVERSION = YES_AGGRESSIVE;
				CLANG_CXX_LANGUAGE_STANDARD = "gnu++20";
				CLANG_ENABLE_MODULES = YES;
				CLANG_ENABLE_OBJC_ARC = YES;
				CLANG_ENABLE_OBJC_WEAK = YES;
				CLANG_WARN_BLOCK_CAPTURE_AUTORELEASING = YES;
				CLANG_WARN_BOOL_CONVERSION = YES;
				CLANG_WARN_COMMA = YES;
				CLANG_WARN_CONSTANT_CONVERSION = YES;
				CLANG_WARN_DEPRECATED_OBJC_IMPLEMENTATIONS = YES;
				CLANG_WARN_DIRECT_OBJC_ISA_USAGE = YES_ERROR;
				CLANG_WARN_DOCUMENTATION_COMMENTS = YES;
				CLANG_WARN_EMPTY_BODY = YES;
				CLANG_WARN_ENUM_CONVERSION = YES;
				CLANG_WARN_INFINITE_RECURSION = YES;
				CLANG_WARN_INT_CONVERSION = YES;
				CLANG_WARN_NON_LITERAL_NULL_CONVERSION = YES;
				CLANG_WARN_OBJC_IMPLICIT_RETAIN_SELF = YES;
				CLANG_WARN_OBJC_LITERAL_CONVERSION = YES;
				CLANG_WARN_OBJC_ROOT_CLASS = YES_ERROR;
				CLANG_WARN_QUOTED_INCLUDE_IN_FRAMEWORK_HEADER = YES;
				CLANG_WARN_RANGE_LOOP_ANALYSIS = YES;
				CLANG_WARN_STRICT_PROTOTYPES = YES;
				CLANG_WARN_SUSPICIOUS_MOVE = YES;
				CLANG_WARN_UNGUARDED_AVAILABILITY = YES_AGGRESSIVE;
				CLANG_WARN_UNREACHABLE_CODE = YES;
				CLANG_WARN__DUPLICATE_METHOD_MATCH = YES;
				COPY_PHASE_STRIP = NO;
				DEBUG_INFORMATION_FORMAT = dwarf;
				ENABLE_STRICT_OBJC_MSGSEND = YES;
				ENABLE_TESTABILITY = YES;
				ENABLE_USER_SCRIPT_SANDBOXING = YES;
				GCC_C_LANGUAGE_STANDARD = gnu17;
				GCC_DYNAMIC_NO_PIC = NO;
				GCC_NO_COMMON_BLOCKS = YES;
				GCC_OPTIMIZATION_LEVEL = 0;
				GCC_PREPROCESSOR_DEFINITIONS = (
					"DEBUG=1",
					"$(inherited)",
				);
				GCC_WARN_64_TO_32_BIT_CONVERSION = YES;
				GCC_WARN_ABOUT_RETURN_TYPE = YES_ERROR;
				GCC_WARN_UNDECLARED_SELECTOR = YES;
				GCC_WARN_UNINITIALIZED_AUTOS = YES_AGGRESSIVE;
				GCC_WARN_UNUSED_FUNCTION = YES;
				GCC_WARN_UNUSED_VARIABLE = YES;
				IPHONEOS_DEPLOYMENT_TARGET = 17.2;
				LOCALIZATION_PREFERS_STRING_CATALOGS = YES;
				MTL_ENABLE_DEBUG_INFO = INCLUDE_SOURCE;
				MTL_FAST_MATH = YES;
				ONLY_ACTIVE_ARCH = YES;
				SDKROOT = iphoneos;
				SWIFT_ACTIVE_COMPILATION_CONDITIONS = "DEBUG $(inherited)";
				SWIFT_OPTIMIZATION_LEVEL = "-Onone";
			};
			name = Debug;
		};
		31A3BEA82BFF378E00A7C0D4 /* Release */ = {
			isa = XCBuildConfiguration;
			buildSettings = {
				ALWAYS_SEARCH_USER_PATHS = NO;
				ASSETCATALOG_COMPILER_GENERATE_SWIFT_ASSET_SYMBOL_EXTENSIONS = YES;
				CLANG_ANALYZER_NONNULL = YES;
				CLANG_ANALYZER_NUMBER_OBJECT_CONVERSION = YES_AGGRESSIVE;
				CLANG_CXX_LANGUAGE_STANDARD = "gnu++20";
				CLANG_ENABLE_MODULES = YES;
				CLANG_ENABLE_OBJC_ARC = YES;
				CLANG_ENABLE_OBJC_WEAK = YES;
				CLANG_WARN_BLOCK_CAPTURE_AUTORELEASING = YES;
				CLANG_WARN_BOOL_CONVERSION = YES;
				CLANG_WARN_COMMA = YES;
				CLANG_WARN_CONSTANT_CONVERSION = YES;
				CLANG_WARN_DEPRECATED_OBJC_IMPLEMENTATIONS = YES;
				CLANG_WARN_DIRECT_OBJC_ISA_USAGE = YES_ERROR;
				CLANG_WARN_DOCUMENTATION_COMMENTS = YES;
				CLANG_WARN_EMPTY_BODY = YES;
				CLANG_WARN_ENUM_CONVERSION = YES;
				CLANG_WARN_INFINITE_RECURSION = YES;
				CLANG_WARN_INT_CONVERSION = YES;
				CLANG_WARN_NON_LITERAL_NULL_CONVERSION = YES;
				CLANG_WARN_OBJC_IMPLICIT_RETAIN_SELF = YES;
				CLANG_WARN_OBJC_LITERAL_CONVERSION = YES;
				CLANG_WARN_OBJC_ROOT_CLASS = YES_ERROR;
				CLANG_WARN_QUOTED_INCLUDE_IN_FRAMEWORK_HEADER = YES;
				CLANG_WARN_RANGE_LOOP_ANALYSIS = YES;
				CLANG_WARN_STRICT_PROTOTYPES = YES;
				CLANG_WARN_SUSPICIOUS_MOVE = YES;
				CLANG_WARN_UNGUARDED_AVAILABILITY = YES_AGGRESSIVE;
				CLANG_WARN_UNREACHABLE_CODE = YES;
				CLANG_WARN__DUPLICATE_METHOD_MATCH = YES;
				COPY_PHASE_STRIP = NO;
				DEBUG_INFORMATION_FORMAT = "dwarf-with-dsym";
				ENABLE_NS_ASSERTIONS = NO;
				ENABLE_STRICT_OBJC_MSGSEND = YES;
				ENABLE_USER_SCRIPT_SANDBOXING = YES;
				GCC_C_LANGUAGE_STANDARD = gnu17;
				GCC_NO_COMMON_BLOCKS = YES;
				GCC_WARN_64_TO_32_BIT_CONVERSION = YES;
				GCC_WARN_ABOUT_RETURN_TYPE = YES_ERROR;
				GCC_WARN_UNDECLARED_SELECTOR = YES;
				GCC_WARN_UNINITIALIZED_AUTOS = YES_AGGRESSIVE;
				GCC_WARN_UNUSED_FUNCTION = YES;
				GCC_WARN_UNUSED_VARIABLE = YES;
				IPHONEOS_DEPLOYMENT_TARGET = 17.2;
				LOCALIZATION_PREFERS_STRING_CATALOGS = YES;
				MTL_ENABLE_DEBUG_INFO = NO;
				MTL_FAST_MATH = YES;
				SDKROOT = iphoneos;
				SWIFT_COMPILATION_MODE = wholemodule;
				VALIDATE_PRODUCT = YES;
			};
			name = Release;
		};
		31A3BEAA2BFF378E00A7C0D4 /* Debug */ = {
			isa = XCBuildConfiguration;
			buildSettings = {
				ASSETCATALOG_COMPILER_APPICON_NAME = AppIcon;
				ASSETCATALOG_COMPILER_GLOBAL_ACCENT_COLOR_NAME = AccentColor;
				CODE_SIGN_STYLE = Automatic;
				CURRENT_PROJECT_VERSION = 1;
				GENERATE_INFOPLIST_FILE = YES;
				INFOPLIST_FILE = "Staff App/Info.plist";
				INFOPLIST_KEY_UIApplicationSupportsIndirectInputEvents = YES;
				INFOPLIST_KEY_UILaunchStoryboardName = LaunchScreen;
				INFOPLIST_KEY_UIMainStoryboardFile = Login;
				INFOPLIST_KEY_UISupportedInterfaceOrientations_iPad = "UIInterfaceOrientationPortrait UIInterfaceOrientationPortraitUpsideDown UIInterfaceOrientationLandscapeLeft UIInterfaceOrientationLandscapeRight";
				INFOPLIST_KEY_UISupportedInterfaceOrientations_iPhone = "UIInterfaceOrientationPortrait UIInterfaceOrientationLandscapeLeft UIInterfaceOrientationLandscapeRight";
				LD_RUNPATH_SEARCH_PATHS = (
					"$(inherited)",
					"@executable_path/Frameworks",
				);
				MARKETING_VERSION = 1.0;
				PRODUCT_BUNDLE_IDENTIFIER = "com.tshedza.Staff-App.Staff-App";
				PRODUCT_NAME = "$(TARGET_NAME)";
				SWIFT_EMIT_LOC_STRINGS = YES;
				SWIFT_VERSION = 5.0;
				TARGETED_DEVICE_FAMILY = "1,2";
			};
			name = Debug;
		};
		31A3BEAB2BFF378E00A7C0D4 /* Release */ = {
			isa = XCBuildConfiguration;
			buildSettings = {
				ASSETCATALOG_COMPILER_APPICON_NAME = AppIcon;
				ASSETCATALOG_COMPILER_GLOBAL_ACCENT_COLOR_NAME = AccentColor;
				CODE_SIGN_STYLE = Automatic;
				CURRENT_PROJECT_VERSION = 1;
				GENERATE_INFOPLIST_FILE = YES;
				INFOPLIST_FILE = "Staff App/Info.plist";
				INFOPLIST_KEY_UIApplicationSupportsIndirectInputEvents = YES;
				INFOPLIST_KEY_UILaunchStoryboardName = LaunchScreen;
				INFOPLIST_KEY_UIMainStoryboardFile = Login;
				INFOPLIST_KEY_UISupportedInterfaceOrientations_iPad = "UIInterfaceOrientationPortrait UIInterfaceOrientationPortraitUpsideDown UIInterfaceOrientationLandscapeLeft UIInterfaceOrientationLandscapeRight";
				INFOPLIST_KEY_UISupportedInterfaceOrientations_iPhone = "UIInterfaceOrientationPortrait UIInterfaceOrientationLandscapeLeft UIInterfaceOrientationLandscapeRight";
				LD_RUNPATH_SEARCH_PATHS = (
					"$(inherited)",
					"@executable_path/Frameworks",
				);
				MARKETING_VERSION = 1.0;
				PRODUCT_BUNDLE_IDENTIFIER = "com.tshedza.Staff-App.Staff-App";
				PRODUCT_NAME = "$(TARGET_NAME)";
				SWIFT_EMIT_LOC_STRINGS = YES;
				SWIFT_VERSION = 5.0;
				TARGETED_DEVICE_FAMILY = "1,2";
			};
			name = Release;
		};
		31A3BEAD2BFF378E00A7C0D4 /* Debug */ = {
			isa = XCBuildConfiguration;
			buildSettings = {
				ALWAYS_EMBED_SWIFT_STANDARD_LIBRARIES = YES;
				BUNDLE_LOADER = "$(TEST_HOST)";
				CODE_SIGN_STYLE = Automatic;
				CURRENT_PROJECT_VERSION = 1;
				GENERATE_INFOPLIST_FILE = YES;
				IPHONEOS_DEPLOYMENT_TARGET = 17.2;
				MARKETING_VERSION = 1.0;
				PRODUCT_BUNDLE_IDENTIFIER = "com.tshedza.Staff-App.Staff-AppTests";
				PRODUCT_NAME = "$(TARGET_NAME)";
				SWIFT_EMIT_LOC_STRINGS = NO;
				SWIFT_VERSION = 5.0;
				TARGETED_DEVICE_FAMILY = "1,2";
				TEST_HOST = "$(BUILT_PRODUCTS_DIR)/Staff App.app/$(BUNDLE_EXECUTABLE_FOLDER_PATH)/Staff App";
			};
			name = Debug;
		};
		31A3BEAE2BFF378E00A7C0D4 /* Release */ = {
			isa = XCBuildConfiguration;
			buildSettings = {
				ALWAYS_EMBED_SWIFT_STANDARD_LIBRARIES = YES;
				BUNDLE_LOADER = "$(TEST_HOST)";
				CODE_SIGN_STYLE = Automatic;
				CURRENT_PROJECT_VERSION = 1;
				GENERATE_INFOPLIST_FILE = YES;
				IPHONEOS_DEPLOYMENT_TARGET = 17.2;
				MARKETING_VERSION = 1.0;
				PRODUCT_BUNDLE_IDENTIFIER = "com.tshedza.Staff-App.Staff-AppTests";
				PRODUCT_NAME = "$(TARGET_NAME)";
				SWIFT_EMIT_LOC_STRINGS = NO;
				SWIFT_VERSION = 5.0;
				TARGETED_DEVICE_FAMILY = "1,2";
				TEST_HOST = "$(BUILT_PRODUCTS_DIR)/Staff App.app/$(BUNDLE_EXECUTABLE_FOLDER_PATH)/Staff App";
			};
			name = Release;
		};
		31A3BEB02BFF378E00A7C0D4 /* Debug */ = {
			isa = XCBuildConfiguration;
			buildSettings = {
				ALWAYS_EMBED_SWIFT_STANDARD_LIBRARIES = YES;
				CODE_SIGN_STYLE = Automatic;
				CURRENT_PROJECT_VERSION = 1;
				GENERATE_INFOPLIST_FILE = YES;
				MARKETING_VERSION = 1.0;
				PRODUCT_BUNDLE_IDENTIFIER = "com.tshedza.Staff-App.Staff-AppUITests";
				PRODUCT_NAME = "$(TARGET_NAME)";
				SWIFT_EMIT_LOC_STRINGS = NO;
				SWIFT_VERSION = 5.0;
				TARGETED_DEVICE_FAMILY = "1,2";
				TEST_TARGET_NAME = "Staff App";
			};
			name = Debug;
		};
		31A3BEB12BFF378E00A7C0D4 /* Release */ = {
			isa = XCBuildConfiguration;
			buildSettings = {
				ALWAYS_EMBED_SWIFT_STANDARD_LIBRARIES = YES;
				CODE_SIGN_STYLE = Automatic;
				CURRENT_PROJECT_VERSION = 1;
				GENERATE_INFOPLIST_FILE = YES;
				MARKETING_VERSION = 1.0;
				PRODUCT_BUNDLE_IDENTIFIER = "com.tshedza.Staff-App.Staff-AppUITests";
				PRODUCT_NAME = "$(TARGET_NAME)";
				SWIFT_EMIT_LOC_STRINGS = NO;
				SWIFT_VERSION = 5.0;
				TARGETED_DEVICE_FAMILY = "1,2";
				TEST_TARGET_NAME = "Staff App";
			};
			name = Release;
		};
/* End XCBuildConfiguration section */

/* Begin XCConfigurationList section */
		31A3BE7A2BFF378C00A7C0D4 /* Build configuration list for PBXProject "Staff App" */ = {
			isa = XCConfigurationList;
			buildConfigurations = (
				31A3BEA72BFF378E00A7C0D4 /* Debug */,
				31A3BEA82BFF378E00A7C0D4 /* Release */,
			);
			defaultConfigurationIsVisible = 0;
			defaultConfigurationName = Release;
		};
		31A3BEA92BFF378E00A7C0D4 /* Build configuration list for PBXNativeTarget "Staff App" */ = {
			isa = XCConfigurationList;
			buildConfigurations = (
				31A3BEAA2BFF378E00A7C0D4 /* Debug */,
				31A3BEAB2BFF378E00A7C0D4 /* Release */,
			);
			defaultConfigurationIsVisible = 0;
			defaultConfigurationName = Release;
		};
		31A3BEAC2BFF378E00A7C0D4 /* Build configuration list for PBXNativeTarget "Staff AppTests" */ = {
			isa = XCConfigurationList;
			buildConfigurations = (
				31A3BEAD2BFF378E00A7C0D4 /* Debug */,
				31A3BEAE2BFF378E00A7C0D4 /* Release */,
			);
			defaultConfigurationIsVisible = 0;
			defaultConfigurationName = Release;
		};
		31A3BEAF2BFF378E00A7C0D4 /* Build configuration list for PBXNativeTarget "Staff AppUITests" */ = {
			isa = XCConfigurationList;
			buildConfigurations = (
				31A3BEB02BFF378E00A7C0D4 /* Debug */,
				31A3BEB12BFF378E00A7C0D4 /* Release */,
			);
			defaultConfigurationIsVisible = 0;
			defaultConfigurationName = Release;
		};
/* End XCConfigurationList section */
	};
	rootObject = 31A3BE772BFF378C00A7C0D4 /* Project object */;
}
